
Microsoft Visual Studio Solution File, Format Version 12.00
# Visual Studio Version 16
VisualStudioVersion = 16.0.29324.140
MinimumVisualStudioVersion = 10.0.40219.1
Project("{FAE04EC0-301F-11D3-BF4B-00C04F79EFBC}") = "XrnCourse.MvvmBasics.UWP", "XrnCourse.MvvmBasics\XrnCourse.MvvmBasics.UWP\XrnCourse.MvvmBasics.UWP.csproj", "{38492F41-F873-4ACF-B69D-E782C7E21DD7}"
EndProject
Project("{FAE04EC0-301F-11D3-BF4B-00C04F79EFBC}") = "XrnCourse.MvvmBasics.Android", "XrnCourse.MvvmBasics\XrnCourse.MvvmBasics.Android\XrnCourse.MvvmBasics.Android.csproj", "{2C0EE0A0-94D3-4CA5-A862-12DA7859AEE0}"
EndProject
Project("{FAE04EC0-301F-11D3-BF4B-00C04F79EFBC}") = "XrnCourse.MvvmBasics.iOS", "XrnCourse.MvvmBasics\XrnCourse.MvvmBasics.iOS\XrnCourse.MvvmBasics.iOS.csproj", "{8C3576AF-D801-4F8E-A34C-F0FA5C00A4F9}"
EndProject
Project("{FAE04EC0-301F-11D3-BF4B-00C04F79EFBC}") = "XrnCourse.MvvmBasics", "XrnCourse.MvvmBasics\XrnCourse.MvvmBasics\XrnCourse.MvvmBasics.csproj", "{BAEBD31B-467B-475B-8215-87DFCB9C516C}"
EndProject
Global
	GlobalSection(SolutionConfigurationPlatforms) = preSolution
		Debug|Any CPU = Debug|Any CPU
		Debug|ARM = Debug|ARM
		Debug|iPhone = Debug|iPhone
		Debug|iPhoneSimulator = Debug|iPhoneSimulator
		Debug|x64 = Debug|x64
		Debug|x86 = Debug|x86
		Release|Any CPU = Release|Any CPU
		Release|ARM = Release|ARM
		Release|iPhone = Release|iPhone
		Release|iPhoneSimulator = Release|iPhoneSimulator
		Release|x64 = Release|x64
		Release|x86 = Release|x86
	EndGlobalSection
	GlobalSection(ProjectConfigurationPlatforms) = postSolution
		{38492F41-F873-4ACF-B69D-E782C7E21DD7}.Debug|Any CPU.ActiveCfg = Debug|x86
		{38492F41-F873-4ACF-B69D-E782C7E21DD7}.Debug|Any CPU.Build.0 = Debug|x86
		{38492F41-F873-4ACF-B69D-E782C7E21DD7}.Debug|Any CPU.Deploy.0 = Debug|x86
		{38492F41-F873-4ACF-B69D-E782C7E21DD7}.Debug|ARM.ActiveCfg = Debug|ARM
		{38492F41-F873-4ACF-B69D-E782C7E21DD7}.Debug|ARM.Build.0 = Debug|ARM
		{38492F41-F873-4ACF-B69D-E782C7E21DD7}.Debug|ARM.Deploy.0 = Debug|ARM
		{38492F41-F873-4ACF-B69D-E782C7E21DD7}.Debug|iPhone.ActiveCfg = Debug|x86
		{38492F41-F873-4ACF-B69D-E782C7E21DD7}.Debug|iPhone.Build.0 = Debug|x86
		{38492F41-F873-4ACF-B69D-E782C7E21DD7}.Debug|iPhone.Deploy.0 = Debug|x86
		{38492F41-F873-4ACF-B69D-E782C7E21DD7}.Debug|iPhoneSimulator.ActiveCfg = Debug|x86
		{38492F41-F873-4ACF-B69D-E782C7E21DD7}.Debug|iPhoneSimulator.Build.0 = Debug|x86
		{38492F41-F873-4ACF-B69D-E782C7E21DD7}.Debug|iPhoneSimulator.Deploy.0 = Debug|x86
		{38492F41-F873-4ACF-B69D-E782C7E21DD7}.Debug|x64.ActiveCfg = Debug|x64
		{38492F41-F873-4ACF-B69D-E782C7E21DD7}.Debug|x64.Build.0 = Debug|x64
		{38492F41-F873-4ACF-B69D-E782C7E21DD7}.Debug|x64.Deploy.0 = Debug|x64
		{38492F41-F873-4ACF-B69D-E782C7E21DD7}.Debug|x86.ActiveCfg = Debug|x86
		{38492F41-F873-4ACF-B69D-E782C7E21DD7}.Debug|x86.Build.0 = Debug|x86
		{38492F41-F873-4ACF-B69D-E782C7E21DD7}.Debug|x86.Deploy.0 = Debug|x86
		{38492F41-F873-4ACF-B69D-E782C7E21DD7}.Release|Any CPU.ActiveCfg = Release|x86
		{38492F41-F873-4ACF-B69D-E782C7E21DD7}.Release|Any CPU.Build.0 = Release|x86
		{38492F41-F873-4ACF-B69D-E782C7E21DD7}.Release|Any CPU.Deploy.0 = Release|x86
		{38492F41-F873-4ACF-B69D-E782C7E21DD7}.Release|ARM.ActiveCfg = Release|ARM
		{38492F41-F873-4ACF-B69D-E782C7E21DD7}.Release|ARM.Build.0 = Release|ARM
		{38492F41-F873-4ACF-B69D-E782C7E21DD7}.Release|ARM.Deploy.0 = Release|ARM
		{38492F41-F873-4ACF-B69D-E782C7E21DD7}.Release|iPhone.ActiveCfg = Release|x86
		{38492F41-F873-4ACF-B69D-E782C7E21DD7}.Release|iPhone.Build.0 = Release|x86
		{38492F41-F873-4ACF-B69D-E782C7E21DD7}.Release|iPhone.Deploy.0 = Release|x86
		{38492F41-F873-4ACF-B69D-E782C7E21DD7}.Release|iPhoneSimulator.ActiveCfg = Release|x86
		{38492F41-F873-4ACF-B69D-E782C7E21DD7}.Release|iPhoneSimulator.Build.0 = Release|x86
		{38492F41-F873-4ACF-B69D-E782C7E21DD7}.Release|iPhoneSimulator.Deploy.0 = Release|x86
		{38492F41-F873-4ACF-B69D-E782C7E21DD7}.Release|x64.ActiveCfg = Release|x64
		{38492F41-F873-4ACF-B69D-E782C7E21DD7}.Release|x64.Build.0 = Release|x64
		{38492F41-F873-4ACF-B69D-E782C7E21DD7}.Release|x64.Deploy.0 = Release|x64
		{38492F41-F873-4ACF-B69D-E782C7E21DD7}.Release|x86.ActiveCfg = Release|x86
		{38492F41-F873-4ACF-B69D-E782C7E21DD7}.Release|x86.Build.0 = Release|x86
		{38492F41-F873-4ACF-B69D-E782C7E21DD7}.Release|x86.Deploy.0 = Release|x86
		{2C0EE0A0-94D3-4CA5-A862-12DA7859AEE0}.Debug|Any CPU.ActiveCfg = Debug|Any CPU
		{2C0EE0A0-94D3-4CA5-A862-12DA7859AEE0}.Debug|Any CPU.Build.0 = Debug|Any CPU
		{2C0EE0A0-94D3-4CA5-A862-12DA7859AEE0}.Debug|Any CPU.Deploy.0 = Debug|Any CPU
		{2C0EE0A0-94D3-4CA5-A862-12DA7859AEE0}.Debug|ARM.ActiveCfg = Debug|Any CPU
		{2C0EE0A0-94D3-4CA5-A862-12DA7859AEE0}.Debug|ARM.Build.0 = Debug|Any CPU
		{2C0EE0A0-94D3-4CA5-A862-12DA7859AEE0}.Debug|ARM.Deploy.0 = Debug|Any CPU
		{2C0EE0A0-94D3-4CA5-A862-12DA7859AEE0}.Debug|iPhone.ActiveCfg = Debug|Any CPU
		{2C0EE0A0-94D3-4CA5-A862-12DA7859AEE0}.Debug|iPhone.Build.0 = Debug|Any CPU
		{2C0EE0A0-94D3-4CA5-A862-12DA7859AEE0}.Debug|iPhone.Deploy.0 = Debug|Any CPU
		{2C0EE0A0-94D3-4CA5-A862-12DA7859AEE0}.Debug|iPhoneSimulator.ActiveCfg = Debug|Any CPU
		{2C0EE0A0-94D3-4CA5-A862-12DA7859AEE0}.Debug|iPhoneSimulator.Build.0 = Debug|Any CPU
		{2C0EE0A0-94D3-4CA5-A862-12DA7859AEE0}.Debug|iPhoneSimulator.Deploy.0 = Debug|Any CPU
		{2C0EE0A0-94D3-4CA5-A862-12DA7859AEE0}.Debug|x64.ActiveCfg = Debug|Any CPU
		{2C0EE0A0-94D3-4CA5-A862-12DA7859AEE0}.Debug|x64.Build.0 = Debug|Any CPU
		{2C0EE0A0-94D3-4CA5-A862-12DA7859AEE0}.Debug|x64.Deploy.0 = Debug|Any CPU
		{2C0EE0A0-94D3-4CA5-A862-12DA7859AEE0}.Debug|x86.ActiveCfg = Debug|Any CPU
		{2C0EE0A0-94D3-4CA5-A862-12DA7859AEE0}.Debug|x86.Build.0 = Debug|Any CPU
		{2C0EE0A0-94D3-4CA5-A862-12DA7859AEE0}.Debug|x86.Deploy.0 = Debug|Any CPU
		{2C0EE0A0-94D3-4CA5-A862-12DA7859AEE0}.Release|Any CPU.ActiveCfg = Release|Any CPU
		{2C0EE0A0-94D3-4CA5-A862-12DA7859AEE0}.Release|Any CPU.Build.0 = Release|Any CPU
		{2C0EE0A0-94D3-4CA5-A862-12DA7859AEE0}.Release|Any CPU.Deploy.0 = Release|Any CPU
		{2C0EE0A0-94D3-4CA5-A862-12DA7859AEE0}.Release|ARM.ActiveCfg = Release|Any CPU
		{2C0EE0A0-94D3-4CA5-A862-12DA7859AEE0}.Release|ARM.Build.0 = Release|Any CPU
		{2C0EE0A0-94D3-4CA5-A862-12DA7859AEE0}.Release|ARM.Deploy.0 = Release|Any CPU
		{2C0EE0A0-94D3-4CA5-A862-12DA7859AEE0}.Release|iPhone.ActiveCfg = Release|Any CPU
		{2C0EE0A0-94D3-4CA5-A862-12DA7859AEE0}.Release|iPhone.Build.0 = Release|Any CPU
		{2C0EE0A0-94D3-4CA5-A862-12DA7859AEE0}.Release|iPhone.Deploy.0 = Release|Any CPU
		{2C0EE0A0-94D3-4CA5-A862-12DA7859AEE0}.Release|iPhoneSimulator.ActiveCfg = Release|Any CPU
		{2C0EE0A0-94D3-4CA5-A862-12DA7859AEE0}.Release|iPhoneSimulator.Build.0 = Release|Any CPU
		{2C0EE0A0-94D3-4CA5-A862-12DA7859AEE0}.Release|iPhoneSimulator.Deploy.0 = Release|Any CPU
		{2C0EE0A0-94D3-4CA5-A862-12DA7859AEE0}.Release|x64.ActiveCfg = Release|Any CPU
		{2C0EE0A0-94D3-4CA5-A862-12DA7859AEE0}.Release|x64.Build.0 = Release|Any CPU
		{2C0EE0A0-94D3-4CA5-A862-12DA7859AEE0}.Release|x64.Deploy.0 = Release|Any CPU
		{2C0EE0A0-94D3-4CA5-A862-12DA7859AEE0}.Release|x86.ActiveCfg = Release|Any CPU
		{2C0EE0A0-94D3-4CA5-A862-12DA7859AEE0}.Release|x86.Build.0 = Release|Any CPU
		{2C0EE0A0-94D3-4CA5-A862-12DA7859AEE0}.Release|x86.Deploy.0 = Release|Any CPU
		{8C3576AF-D801-4F8E-A34C-F0FA5C00A4F9}.Debug|Any CPU.ActiveCfg = Debug|iPhone
		{8C3576AF-D801-4F8E-A34C-F0FA5C00A4F9}.Debug|Any CPU.Build.0 = Debug|iPhone
		{8C3576AF-D801-4F8E-A34C-F0FA5C00A4F9}.Debug|Any CPU.Deploy.0 = Debug|iPhone
		{8C3576AF-D801-4F8E-A34C-F0FA5C00A4F9}.Debug|ARM.ActiveCfg = Debug|iPhoneSimulator
		{8C3576AF-D801-4F8E-A34C-F0FA5C00A4F9}.Debug|ARM.Build.0 = Debug|iPhoneSimulator
		{8C3576AF-D801-4F8E-A34C-F0FA5C00A4F9}.Debug|ARM.Deploy.0 = Debug|iPhoneSimulator
		{8C3576AF-D801-4F8E-A34C-F0FA5C00A4F9}.Debug|iPhone.ActiveCfg = Debug|iPhone
		{8C3576AF-D801-4F8E-A34C-F0FA5C00A4F9}.Debug|iPhone.Build.0 = Debug|iPhone
		{8C3576AF-D801-4F8E-A34C-F0FA5C00A4F9}.Debug|iPhone.Deploy.0 = Debug|iPhone
		{8C3576AF-D801-4F8E-A34C-F0FA5C00A4F9}.Debug|iPhoneSimulator.ActiveCfg = Debug|iPhoneSimulator
		{8C3576AF-D801-4F8E-A34C-F0FA5C00A4F9}.Debug|iPhoneSimulator.Build.0 = Debug|iPhoneSimulator
		{8C3576AF-D801-4F8E-A34C-F0FA5C00A4F9}.Debug|iPhoneSimulator.Deploy.0 = Debug|iPhoneSimulator
		{8C3576AF-D801-4F8E-A34C-F0FA5C00A4F9}.Debug|x64.ActiveCfg = Debug|iPhone
		{8C3576AF-D801-4F8E-A34C-F0FA5C00A4F9}.Debug|x64.Build.0 = Debug|iPhone
		{8C3576AF-D801-4F8E-A34C-F0FA5C00A4F9}.Debug|x64.Deploy.0 = Debug|iPhone
		{8C3576AF-D801-4F8E-A34C-F0FA5C00A4F9}.Debug|x86.ActiveCfg = Debug|iPhone
		{8C3576AF-D801-4F8E-A34C-F0FA5C00A4F9}.Debug|x86.Build.0 = Debug|iPhone
		{8C3576AF-D801-4F8E-A34C-F0FA5C00A4F9}.Debug|x86.Deploy.0 = Debug|iPhone
		{8C3576AF-D801-4F8E-A34C-F0FA5C00A4F9}.Release|Any CPU.ActiveCfg = Release|iPhone
		{8C3576AF-D801-4F8E-A34C-F0FA5C00A4F9}.Release|Any CPU.Build.0 = Release|iPhone
		{8C3576AF-D801-4F8E-A34C-F0FA5C00A4F9}.Release|Any CPU.Deploy.0 = Release|iPhone
		{8C3576AF-D801-4F8E-A34C-F0FA5C00A4F9}.Release|ARM.ActiveCfg = Release|iPhone
		{8C3576AF-D801-4F8E-A34C-F0FA5C00A4F9}.Release|ARM.Build.0 = Release|iPhone
		{8C3576AF-D801-4F8E-A34C-F0FA5C00A4F9}.Release|ARM.Deploy.0 = Release|iPhone
		{8C3576AF-D801-4F8E-A34C-F0FA5C00A4F9}.Release|iPhone.ActiveCfg = Release|iPhone
		{8C3576AF-D801-4F8E-A34C-F0FA5C00A4F9}.Release|iPhone.Build.0 = Release|iPhone
		{8C3576AF-D801-4F8E-A34C-F0FA5C00A4F9}.Release|iPhone.Deploy.0 = Release|iPhone
		{8C3576AF-D801-4F8E-A34C-F0FA5C00A4F9}.Release|iPhoneSimulator.ActiveCfg = Release|iPhoneSimulator
		{8C3576AF-D801-4F8E-A34C-F0FA5C00A4F9}.Release|iPhoneSimulator.Build.0 = Release|iPhoneSimulator
		{8C3576AF-D801-4F8E-A34C-F0FA5C00A4F9}.Release|iPhoneSimulator.Deploy.0 = Release|iPhoneSimulator
		{8C3576AF-D801-4F8E-A34C-F0FA5C00A4F9}.Release|x64.ActiveCfg = Release|iPhone
		{8C3576AF-D801-4F8E-A34C-F0FA5C00A4F9}.Release|x64.Build.0 = Release|iPhone
		{8C3576AF-D801-4F8E-A34C-F0FA5C00A4F9}.Release|x64.Deploy.0 = Release|iPhone
		{8C3576AF-D801-4F8E-A34C-F0FA5C00A4F9}.Release|x86.ActiveCfg = Release|iPhone
		{8C3576AF-D801-4F8E-A34C-F0FA5C00A4F9}.Release|x86.Build.0 = Release|iPhone
		{8C3576AF-D801-4F8E-A34C-F0FA5C00A4F9}.Release|x86.Deploy.0 = Release|iPhone
		{BAEBD31B-467B-475B-8215-87DFCB9C516C}.Debug|Any CPU.ActiveCfg = Debug|Any CPU
		{BAEBD31B-467B-475B-8215-87DFCB9C516C}.Debug|Any CPU.Build.0 = Debug|Any CPU
		{BAEBD31B-467B-475B-8215-87DFCB9C516C}.Debug|Any CPU.Deploy.0 = Debug|Any CPU
		{BAEBD31B-467B-475B-8215-87DFCB9C516C}.Debug|ARM.ActiveCfg = Debug|Any CPU
		{BAEBD31B-467B-475B-8215-87DFCB9C516C}.Debug|ARM.Build.0 = Debug|Any CPU
		{BAEBD31B-467B-475B-8215-87DFCB9C516C}.Debug|ARM.Deploy.0 = Debug|Any CPU
		{BAEBD31B-467B-475B-8215-87DFCB9C516C}.Debug|iPhone.ActiveCfg = Debug|Any CPU
		{BAEBD31B-467B-475B-8215-87DFCB9C516C}.Debug|iPhone.Build.0 = Debug|Any CPU
		{BAEBD31B-467B-475B-8215-87DFCB9C516C}.Debug|iPhone.Deploy.0 = Debug|Any CPU
		{BAEBD31B-467B-475B-8215-87DFCB9C516C}.Debug|iPhoneSimulator.ActiveCfg = Debug|Any CPU
		{BAEBD31B-467B-475B-8215-87DFCB9C516C}.Debug|iPhoneSimulator.Build.0 = Debug|Any CPU
		{BAEBD31B-467B-475B-8215-87DFCB9C516C}.Debug|iPhoneSimulator.Deploy.0 = Debug|Any CPU
		{BAEBD31B-467B-475B-8215-87DFCB9C516C}.Debug|x64.ActiveCfg = Debug|Any CPU
		{BAEBD31B-467B-475B-8215-87DFCB9C516C}.Debug|x64.Build.0 = Debug|Any CPU
		{BAEBD31B-467B-475B-8215-87DFCB9C516C}.Debug|x64.Deploy.0 = Debug|Any CPU
		{BAEBD31B-467B-475B-8215-87DFCB9C516C}.Debug|x86.ActiveCfg = Debug|Any CPU
		{BAEBD31B-467B-475B-8215-87DFCB9C516C}.Debug|x86.Build.0 = Debug|Any CPU
		{BAEBD31B-467B-475B-8215-87DFCB9C516C}.Debug|x86.Deploy.0 = Debug|Any CPU
		{BAEBD31B-467B-475B-8215-87DFCB9C516C}.Release|Any CPU.ActiveCfg = Release|Any CPU
		{BAEBD31B-467B-475B-8215-87DFCB9C516C}.Release|Any CPU.Build.0 = Release|Any CPU
		{BAEBD31B-467B-475B-8215-87DFCB9C516C}.Release|Any CPU.Deploy.0 = Release|Any CPU
		{BAEBD31B-467B-475B-8215-87DFCB9C516C}.Release|ARM.ActiveCfg = Release|Any CPU
		{BAEBD31B-467B-475B-8215-87DFCB9C516C}.Release|ARM.Build.0 = Release|Any CPU
		{BAEBD31B-467B-475B-8215-87DFCB9C516C}.Release|ARM.Deploy.0 = Release|Any CPU
		{BAEBD31B-467B-475B-8215-87DFCB9C516C}.Release|iPhone.ActiveCfg = Release|Any CPU
		{BAEBD31B-467B-475B-8215-87DFCB9C516C}.Release|iPhone.Build.0 = Release|Any CPU
		{BAEBD31B-467B-475B-8215-87DFCB9C516C}.Release|iPhone.Deploy.0 = Release|Any CPU
		{BAEBD31B-467B-475B-8215-87DFCB9C516C}.Release|iPhoneSimulator.ActiveCfg = Release|Any CPU
		{BAEBD31B-467B-475B-8215-87DFCB9C516C}.Release|iPhoneSimulator.Build.0 = Release|Any CPU
		{BAEBD31B-467B-475B-8215-87DFCB9C516C}.Release|iPhoneSimulator.Deploy.0 = Release|Any CPU
		{BAEBD31B-467B-475B-8215-87DFCB9C516C}.Release|x64.ActiveCfg = Release|Any CPU
		{BAEBD31B-467B-475B-8215-87DFCB9C516C}.Release|x64.Build.0 = Release|Any CPU
		{BAEBD31B-467B-475B-8215-87DFCB9C516C}.Release|x64.Deploy.0 = Release|Any CPU
		{BAEBD31B-467B-475B-8215-87DFCB9C516C}.Release|x86.ActiveCfg = Release|Any CPU
		{BAEBD31B-467B-475B-8215-87DFCB9C516C}.Release|x86.Build.0 = Release|Any CPU
		{BAEBD31B-467B-475B-8215-87DFCB9C516C}.Release|x86.Deploy.0 = Release|Any CPU
	EndGlobalSection
	GlobalSection(SolutionProperties) = preSolution
		HideSolutionNode = FALSE
	EndGlobalSection
	GlobalSection(ExtensibilityGlobals) = postSolution
		SolutionGuid = {28F22AE5-8E79-49DD-9384-EBF694C9C794}
	EndGlobalSection
EndGlobal
